# This file is automatically @generated by Cargo.
# It is not intended for manual editing.
version = 4

[[package]]
name = "onyx-cli"
version = "1.0.0"
dependencies = [
 "onyx-core",
]

[[package]]
name = "onyx-core"
version = "1.0.0"

[[package]]
name = "onyx-wasm"
version = "1.0.0"
dependencies = [
 "onyx-core",
]
